
Microsoft Visual Studio Solution File, Format Version 12.00
# Visual Studio 2012
Project("{FAE04EC0-301F-11D3-BF4B-00C04F79EFBC}") = "Origin Theme", "Origin Theme\Origin Theme.csproj", "{64F5FCE2-B474-4531-98C7-5E05E16EAAA4}"
EndProject
Project("{FAE04EC0-301F-11D3-BF4B-00C04F79EFBC}") = "Theme Testing Application", "..\Theme Testing Application\Theme Testing Application\Theme Testing Application.csproj", "{ED73F9B8-A46E-4F67-9015-A605200D6369}"
EndProject
Global
	GlobalSection(SolutionConfigurationPlatforms) = preSolution
		Debug|Any CPU = Debug|Any CPU
		Release|Any CPU = Release|Any CPU
	EndGlobalSection
	GlobalSection(ProjectConfigurationPlatforms) = postSolution
		{64F5FCE2-B474-4531-98C7-5E05E16EAAA4}.Debug|Any CPU.ActiveCfg = Debug|Any CPU
		{64F5FCE2-B474-4531-98C7-5E05E16EAAA4}.Debug|Any CPU.Build.0 = Debug|Any CPU
		{64F5FCE2-B474-4531-98C7-5E05E16EAAA4}.Release|Any CPU.ActiveCfg = Release|Any CPU
		{64F5FCE2-B474-4531-98C7-5E05E16EAAA4}.Release|Any CPU.Build.0 = Release|Any CPU
		{ED73F9B8-A46E-4F67-9015-A605200D6369}.Debug|Any CPU.ActiveCfg = Debug|Any CPU
		{ED73F9B8-A46E-4F67-9015-A605200D6369}.Debug|Any CPU.Build.0 = Debug|Any CPU
		{ED73F9B8-A46E-4F67-9015-A605200D6369}.Release|Any CPU.ActiveCfg = Release|Any CPU
		{ED73F9B8-A46E-4F67-9015-A605200D6369}.Release|Any CPU.Build.0 = Release|Any CPU
	EndGlobalSection
	GlobalSection(SolutionProperties) = preSolution
		HideSolutionNode = FALSE
	EndGlobalSection
EndGlobal
